
Microsoft Visual Studio Solution File, Format Version 12.00
# Visual Studio Version 16
VisualStudioVersion = 16.0.31702.278
MinimumVisualStudioVersion = 10.0.40219.1
Project("{FAE04EC0-301F-11D3-BF4B-00C04F79EFBC}") = "Task2", "Task2\Task2.csproj", "{D9E2C112-A191-4C3F-A002-F7CAB7715178}"
EndProject
Global
	GlobalSection(SolutionConfigurationPlatforms) = preSolution
		Debug|Any CPU = Debug|Any CPU
		Release|Any CPU = Release|Any CPU
	EndGlobalSection
	GlobalSection(ProjectConfigurationPlatforms) = postSolution
		{D9E2C112-A191-4C3F-A002-F7CAB7715178}.Debug|Any CPU.ActiveCfg = Debug|Any CPU
		{D9E2C112-A191-4C3F-A002-F7CAB7715178}.Debug|Any CPU.Build.0 = Debug|Any CPU
		{D9E2C112-A191-4C3F-A002-F7CAB7715178}.Release|Any CPU.ActiveCfg = Release|Any CPU
		{D9E2C112-A191-4C3F-A002-F7CAB7715178}.Release|Any CPU.Build.0 = Release|Any CPU
	EndGlobalSection
	GlobalSection(SolutionProperties) = preSolution
		HideSolutionNode = FALSE
	EndGlobalSection
	GlobalSection(ExtensibilityGlobals) = postSolution
		SolutionGuid = {743B4B96-0034-4459-A75F-6C2A5972E5F7}
	EndGlobalSection
EndGlobal
