
Microsoft Visual Studio Solution File, Format Version 12.00
# Visual Studio Version 16
VisualStudioVersion = 16.0.31702.278
MinimumVisualStudioVersion = 10.0.40219.1
Project("{FAE04EC0-301F-11D3-BF4B-00C04F79EFBC}") = "Task2", "Task2\Task2.csproj", "{DC4B71D9-B00A-4F82-A774-7223188158F5}"
EndProject
Global
	GlobalSection(SolutionConfigurationPlatforms) = preSolution
		Debug|Any CPU = Debug|Any CPU
		Release|Any CPU = Release|Any CPU
	EndGlobalSection
	GlobalSection(ProjectConfigurationPlatforms) = postSolution
		{DC4B71D9-B00A-4F82-A774-7223188158F5}.Debug|Any CPU.ActiveCfg = Debug|Any CPU
		{DC4B71D9-B00A-4F82-A774-7223188158F5}.Debug|Any CPU.Build.0 = Debug|Any CPU
		{DC4B71D9-B00A-4F82-A774-7223188158F5}.Release|Any CPU.ActiveCfg = Release|Any CPU
		{DC4B71D9-B00A-4F82-A774-7223188158F5}.Release|Any CPU.Build.0 = Release|Any CPU
	EndGlobalSection
	GlobalSection(SolutionProperties) = preSolution
		HideSolutionNode = FALSE
	EndGlobalSection
	GlobalSection(ExtensibilityGlobals) = postSolution
		SolutionGuid = {6DB90C0E-ED28-4B7D-84D1-AA42E842FA7B}
	EndGlobalSection
EndGlobal
