
Microsoft Visual Studio Solution File, Format Version 12.00
# Visual Studio Version 16
VisualStudioVersion = 16.0.31624.102
MinimumVisualStudioVersion = 10.0.40219.1
Project("{FAE04EC0-301F-11D3-BF4B-00C04F79EFBC}") = "Task2", "Task2\Task2.csproj", "{89821267-3C9F-4402-AF24-56061F1F50C0}"
EndProject
Global
	GlobalSection(SolutionConfigurationPlatforms) = preSolution
		Debug|Any CPU = Debug|Any CPU
		Release|Any CPU = Release|Any CPU
	EndGlobalSection
	GlobalSection(ProjectConfigurationPlatforms) = postSolution
		{89821267-3C9F-4402-AF24-56061F1F50C0}.Debug|Any CPU.ActiveCfg = Debug|Any CPU
		{89821267-3C9F-4402-AF24-56061F1F50C0}.Debug|Any CPU.Build.0 = Debug|Any CPU
		{89821267-3C9F-4402-AF24-56061F1F50C0}.Release|Any CPU.ActiveCfg = Release|Any CPU
		{89821267-3C9F-4402-AF24-56061F1F50C0}.Release|Any CPU.Build.0 = Release|Any CPU
	EndGlobalSection
	GlobalSection(SolutionProperties) = preSolution
		HideSolutionNode = FALSE
	EndGlobalSection
	GlobalSection(ExtensibilityGlobals) = postSolution
		SolutionGuid = {648DAE84-87F9-4483-B97B-0249EA6CA7DB}
	EndGlobalSection
EndGlobal
