
Microsoft Visual Studio Solution File, Format Version 12.00
# Visual Studio Version 16
VisualStudioVersion = 16.0.31624.102
MinimumVisualStudioVersion = 10.0.40219.1
Project("{FAE04EC0-301F-11D3-BF4B-00C04F79EFBC}") = "Task01", "Task01\Task01.csproj", "{9735DD01-E4E2-45B7-9AB9-69B1B56C5173}"
EndProject
Global
	GlobalSection(SolutionConfigurationPlatforms) = preSolution
		Debug|Any CPU = Debug|Any CPU
		Release|Any CPU = Release|Any CPU
	EndGlobalSection
	GlobalSection(ProjectConfigurationPlatforms) = postSolution
		{9735DD01-E4E2-45B7-9AB9-69B1B56C5173}.Debug|Any CPU.ActiveCfg = Debug|Any CPU
		{9735DD01-E4E2-45B7-9AB9-69B1B56C5173}.Debug|Any CPU.Build.0 = Debug|Any CPU
		{9735DD01-E4E2-45B7-9AB9-69B1B56C5173}.Release|Any CPU.ActiveCfg = Release|Any CPU
		{9735DD01-E4E2-45B7-9AB9-69B1B56C5173}.Release|Any CPU.Build.0 = Release|Any CPU
	EndGlobalSection
	GlobalSection(SolutionProperties) = preSolution
		HideSolutionNode = FALSE
	EndGlobalSection
	GlobalSection(ExtensibilityGlobals) = postSolution
		SolutionGuid = {212543C5-840D-466D-ADBD-D1F6373ACB90}
	EndGlobalSection
EndGlobal
