
Microsoft Visual Studio Solution File, Format Version 12.00
# Visual Studio Version 16
VisualStudioVersion = 16.0.31624.102
MinimumVisualStudioVersion = 10.0.40219.1
Project("{FAE04EC0-301F-11D3-BF4B-00C04F79EFBC}") = "Task03", "Task03\Task03.csproj", "{AC6F9D5C-884A-4C33-BF40-FE2A9D460721}"
EndProject
Global
	GlobalSection(SolutionConfigurationPlatforms) = preSolution
		Debug|Any CPU = Debug|Any CPU
		Release|Any CPU = Release|Any CPU
	EndGlobalSection
	GlobalSection(ProjectConfigurationPlatforms) = postSolution
		{AC6F9D5C-884A-4C33-BF40-FE2A9D460721}.Debug|Any CPU.ActiveCfg = Debug|Any CPU
		{AC6F9D5C-884A-4C33-BF40-FE2A9D460721}.Debug|Any CPU.Build.0 = Debug|Any CPU
		{AC6F9D5C-884A-4C33-BF40-FE2A9D460721}.Release|Any CPU.ActiveCfg = Release|Any CPU
		{AC6F9D5C-884A-4C33-BF40-FE2A9D460721}.Release|Any CPU.Build.0 = Release|Any CPU
	EndGlobalSection
	GlobalSection(SolutionProperties) = preSolution
		HideSolutionNode = FALSE
	EndGlobalSection
	GlobalSection(ExtensibilityGlobals) = postSolution
		SolutionGuid = {19A10CDB-D78A-4A70-89E9-BA7B218B09E2}
	EndGlobalSection
EndGlobal
